// !$*UTF8*$!
{
	archiveVersion = 1;
	classes = {
	};
	objectVersion = 46;
	objects = {

/* Begin PBXBuildFile section */
		DA8853491CBCBA7800563D72 /* main.m in Sources */ = {isa = PBXBuildFile; fileRef = DA8853481CBCBA7800563D72 /* main.m */; };
		DA88534C1CBCBA7800563D72 /* AppDelegate.m in Sources */ = {isa = PBXBuildFile; fileRef = DA88534B1CBCBA7800563D72 /* AppDelegate.m */; };
		DA88534F1CBCBA7800563D72 /* FirstViewController.m in Sources */ = {isa = PBXBuildFile; fileRef = DA88534E1CBCBA7800563D72 /* FirstViewController.m */; };
		DA8853521CBCBA7800563D72 /* Main.storyboard in Resources */ = {isa = PBXBuildFile; fileRef = DA8853501CBCBA7800563D72 /* Main.storyboard */; };
		DA8853541CBCBA7800563D72 /* Assets.xcassets in Resources */ = {isa = PBXBuildFile; fileRef = DA8853531CBCBA7800563D72 /* Assets.xcassets */; };
		DA8853571CBCBA7800563D72 /* LaunchScreen.storyboard in Resources */ = {isa = PBXBuildFile; fileRef = DA8853551CBCBA7800563D72 /* LaunchScreen.storyboard */; };
		DA8853601CBCBAB700563D72 /* SecondViewController.m in Sources */ = {isa = PBXBuildFile; fileRef = DA88535F1CBCBAB700563D72 /* SecondViewController.m */; };
		DA8853631CBCBABE00563D72 /* ThirdViewController.m in Sources */ = {isa = PBXBuildFile; fileRef = DA8853621CBCBABE00563D72 /* ThirdViewController.m */; };
		DA88536A1CBCBCCA00563D72 /* bg.jpg in Resources */ = {isa = PBXBuildFile; fileRef = DA8853681CBCBCCA00563D72 /* bg.jpg */; };
		DA88536B1CBCBCCA00563D72 /* headerImage.png in Resources */ = {isa = PBXBuildFile; fileRef = DA8853691CBCBCCA00563D72 /* headerImage.png */; };
		DA8CBA7A1CBDD56600385B38 /* FourthViewController.m in Sources */ = {isa = PBXBuildFile; fileRef = DA8CBA791CBDD56600385B38 /* FourthViewController.m */; };
		DA8CBA7E1CBDD8B600385B38 /* HFStretchableTableHeaderView.m in Sources */ = {isa = PBXBuildFile; fileRef = DA8CBA7D1CBDD8B600385B38 /* HFStretchableTableHeaderView.m */; };
		DA8CBA821CBDE22E00385B38 /* UITableView+ZZStretchableHeader.m in Sources */ = {isa = PBXBuildFile; fileRef = DA8CBA811CBDE22E00385B38 /* UITableView+ZZStretchableHeader.m */; };
		DA8CBAB51CBE126D00385B38 /* UINavigationBar+ZZHelper.m in Sources */ = {isa = PBXBuildFile; fileRef = DA8CBAB41CBE126D00385B38 /* UINavigationBar+ZZHelper.m */; };
/* End PBXBuildFile section */

/* Begin PBXFileReference section */
		DA8853441CBCBA7800563D72 /* Demo.app */ = {isa = PBXFileReference; explicitFileType = wrapper.application; includeInIndex = 0; path = Demo.app; sourceTree = BUILT_PRODUCTS_DIR; };
		DA8853481CBCBA7800563D72 /* main.m */ = {isa = PBXFileReference; lastKnownFileType = sourcecode.c.objc; path = main.m; sourceTree = "<group>"; };
		DA88534A1CBCBA7800563D72 /* AppDelegate.h */ = {isa = PBXFileReference; lastKnownFileType = sourcecode.c.h; path = AppDelegate.h; sourceTree = "<group>"; };
		DA88534B1CBCBA7800563D72 /* AppDelegate.m */ = {isa = PBXFileReference; lastKnownFileType = sourcecode.c.objc; path = AppDelegate.m; sourceTree = "<group>"; };
		DA88534D1CBCBA7800563D72 /* FirstViewController.h */ = {isa = PBXFileReference; lastKnownFileType = sourcecode.c.h; path = FirstViewController.h; sourceTree = "<group>"; };
		DA88534E1CBCBA7800563D72 /* FirstViewController.m */ = {isa = PBXFileReference; lastKnownFileType = sourcecode.c.objc; path = FirstViewController.m; sourceTree = "<group>"; };
		DA8853511CBCBA7800563D72 /* Base */ = {isa = PBXFileReference; lastKnownFileType = file.storyboard; name = Base; path = Base.lproj/Main.storyboard; sourceTree = "<group>"; };
		DA8853531CBCBA7800563D72 /* Assets.xcassets */ = {isa = PBXFileReference; lastKnownFileType = folder.assetcatalog; path = Assets.xcassets; sourceTree = "<group>"; };
		DA8853561CBCBA7800563D72 /* Base */ = {isa = PBXFileReference; lastKnownFileType = file.storyboard; name = Base; path = Base.lproj/LaunchScreen.storyboard; sourceTree = "<group>"; };
		DA8853581CBCBA7800563D72 /* Info.plist */ = {isa = PBXFileReference; lastKnownFileType = text.plist.xml; path = Info.plist; sourceTree = "<group>"; };
		DA88535E1CBCBAB700563D72 /* SecondViewController.h */ = {isa = PBXFileReference; fileEncoding = 4; lastKnownFileType = sourcecode.c.h; path = SecondViewController.h; sourceTree = "<group>"; };
		DA88535F1CBCBAB700563D72 /* SecondViewController.m */ = {isa = PBXFileReference; fileEncoding = 4; lastKnownFileType = sourcecode.c.objc; path = SecondViewController.m; sourceTree = "<group>"; };
		DA8853611CBCBABE00563D72 /* ThirdViewController.h */ = {isa = PBXFileReference; fileEncoding = 4; lastKnownFileType = sourcecode.c.h; path = ThirdViewController.h; sourceTree = "<group>"; };
		DA8853621CBCBABE00563D72 /* ThirdViewController.m */ = {isa = PBXFileReference; fileEncoding = 4; lastKnownFileType = sourcecode.c.objc; path = ThirdViewController.m; sourceTree = "<group>"; };
		DA8853681CBCBCCA00563D72 /* bg.jpg */ = {isa = PBXFileReference; lastKnownFileType = image.jpeg; path = bg.jpg; sourceTree = "<group>"; };
		DA8853691CBCBCCA00563D72 /* headerImage.png */ = {isa = PBXFileReference; lastKnownFileType = image.png; path = headerImage.png; sourceTree = "<group>"; };
		DA8CBA781CBDD56600385B38 /* FourthViewController.h */ = {isa = PBXFileReference; fileEncoding = 4; lastKnownFileType = sourcecode.c.h; path = FourthViewController.h; sourceTree = "<group>"; };
		DA8CBA791CBDD56600385B38 /* FourthViewController.m */ = {isa = PBXFileReference; fileEncoding = 4; lastKnownFileType = sourcecode.c.objc; path = FourthViewController.m; sourceTree = "<group>"; };
		DA8CBA7C1CBDD8B600385B38 /* HFStretchableTableHeaderView.h */ = {isa = PBXFileReference; fileEncoding = 4; lastKnownFileType = sourcecode.c.h; path = HFStretchableTableHeaderView.h; sourceTree = "<group>"; };
		DA8CBA7D1CBDD8B600385B38 /* HFStretchableTableHeaderView.m */ = {isa = PBXFileReference; fileEncoding = 4; lastKnownFileType = sourcecode.c.objc; path = HFStretchableTableHeaderView.m; sourceTree = "<group>"; };
		DA8CBA801CBDE22E00385B38 /* UITableView+ZZStretchableHeader.h */ = {isa = PBXFileReference; fileEncoding = 4; lastKnownFileType = sourcecode.c.h; path = "UITableView+ZZStretchableHeader.h"; sourceTree = "<group>"; };
		DA8CBA811CBDE22E00385B38 /* UITableView+ZZStretchableHeader.m */ = {isa = PBXFileReference; fileEncoding = 4; lastKnownFileType = sourcecode.c.objc; path = "UITableView+ZZStretchableHeader.m"; sourceTree = "<group>"; };
		DA8CBAB31CBE126D00385B38 /* UINavigationBar+ZZHelper.h */ = {isa = PBXFileReference; fileEncoding = 4; lastKnownFileType = sourcecode.c.h; path = "UINavigationBar+ZZHelper.h"; sourceTree = "<group>"; };
		DA8CBAB41CBE126D00385B38 /* UINavigationBar+ZZHelper.m */ = {isa = PBXFileReference; fileEncoding = 4; lastKnownFileType = sourcecode.c.objc; path = "UINavigationBar+ZZHelper.m"; sourceTree = "<group>"; };
/* End PBXFileReference section */

/* Begin PBXFrameworksBuildPhase section */
		DA8853411CBCBA7800563D72 /* Frameworks */ = {
			isa = PBXFrameworksBuildPhase;
			buildActionMask = 2147483647;
			files = (
			);
			runOnlyForDeploymentPostprocessing = 0;
		};
/* End PBXFrameworksBuildPhase section */

/* Begin PBXGroup section */
		DA88533B1CBCBA7800563D72 = {
			isa = PBXGroup;
			children = (
				DA8853461CBCBA7800563D72 /* Demo */,
				DA8853451CBCBA7800563D72 /* Products */,
			);
			sourceTree = "<group>";
		};
		DA8853451CBCBA7800563D72 /* Products */ = {
			isa = PBXGroup;
			children = (
				DA8853441CBCBA7800563D72 /* Demo.app */,
			);
			name = Products;
			sourceTree = "<group>";
		};
		DA8853461CBCBA7800563D72 /* Demo */ = {
			isa = PBXGroup;
			children = (
				DA8CBAB21CBE126D00385B38 /* UINavigationBar+ZZHelper */,
				DA8CBA7B1CBDD8B600385B38 /* HFStretchableTableHeaderView */,
				DA88534A1CBCBA7800563D72 /* AppDelegate.h */,
				DA88534D1CBCBA7800563D72 /* FirstViewController.h */,
				DA88534E1CBCBA7800563D72 /* FirstViewController.m */,
				DA8853501CBCBA7800563D72 /* Main.storyboard */,
				DA88535E1CBCBAB700563D72 /* SecondViewController.h */,
				DA88535F1CBCBAB700563D72 /* SecondViewController.m */,
				DA8853611CBCBABE00563D72 /* ThirdViewController.h */,
				DA8853621CBCBABE00563D72 /* ThirdViewController.m */,
				DA8CBA781CBDD56600385B38 /* FourthViewController.h */,
				DA8CBA791CBDD56600385B38 /* FourthViewController.m */,
				DA8853681CBCBCCA00563D72 /* bg.jpg */,
				DA8853691CBCBCCA00563D72 /* headerImage.png */,
				DA88534B1CBCBA7800563D72 /* AppDelegate.m */,
				DA8CBA7F1CBDE1BB00385B38 /* UITableView+ZZStretchableHeader */,
				DA8853531CBCBA7800563D72 /* Assets.xcassets */,
				DA8853551CBCBA7800563D72 /* LaunchScreen.storyboard */,
				DA8853581CBCBA7800563D72 /* Info.plist */,
				DA8853471CBCBA7800563D72 /* Supporting Files */,
			);
			path = Demo;
			sourceTree = "<group>";
		};
		DA8853471CBCBA7800563D72 /* Supporting Files */ = {
			isa = PBXGroup;
			children = (
				DA8853481CBCBA7800563D72 /* main.m */,
			);
			name = "Supporting Files";
			sourceTree = "<group>";
		};
		DA8CBA7B1CBDD8B600385B38 /* HFStretchableTableHeaderView */ = {
			isa = PBXGroup;
			children = (
				DA8CBA7C1CBDD8B600385B38 /* HFStretchableTableHeaderView.h */,
				DA8CBA7D1CBDD8B600385B38 /* HFStretchableTableHeaderView.m */,
			);
			path = HFStretchableTableHeaderView;
			sourceTree = "<group>";
		};
		DA8CBA7F1CBDE1BB00385B38 /* UITableView+ZZStretchableHeader */ = {
			isa = PBXGroup;
			children = (
				DA8CBA801CBDE22E00385B38 /* UITableView+ZZStretchableHeader.h */,
				DA8CBA811CBDE22E00385B38 /* UITableView+ZZStretchableHeader.m */,
			);
			path = "UITableView+ZZStretchableHeader";
			sourceTree = "<group>";
		};
		DA8CBAB21CBE126D00385B38 /* UINavigationBar+ZZHelper */ = {
			isa = PBXGroup;
			children = (
				DA8CBAB31CBE126D00385B38 /* UINavigationBar+ZZHelper.h */,
				DA8CBAB41CBE126D00385B38 /* UINavigationBar+ZZHelper.m */,
			);
			path = "UINavigationBar+ZZHelper";
			sourceTree = "<group>";
		};
/* End PBXGroup section */

/* Begin PBXNativeTarget section */
		DA8853431CBCBA7800563D72 /* Demo */ = {
			isa = PBXNativeTarget;
			buildConfigurationList = DA88535B1CBCBA7800563D72 /* Build configuration list for PBXNativeTarget "Demo" */;
			buildPhases = (
				DA8853401CBCBA7800563D72 /* Sources */,
				DA8853411CBCBA7800563D72 /* Frameworks */,
				DA8853421CBCBA7800563D72 /* Resources */,
			);
			buildRules = (
			);
			dependencies = (
			);
			name = Demo;
			productName = Demo;
			productReference = DA8853441CBCBA7800563D72 /* Demo.app */;
			productType = "com.apple.product-type.application";
		};
/* End PBXNativeTarget section */

/* Begin PBXProject section */
		DA88533C1CBCBA7800563D72 /* Project object */ = {
			isa = PBXProject;
			attributes = {
				LastUpgradeCheck = 0730;
				ORGANIZATIONNAME = LiuWeiZhen;
				TargetAttributes = {
					DA8853431CBCBA7800563D72 = {
						CreatedOnToolsVersion = 7.3;
						DevelopmentTeam = M2AKDN9CKL;
					};
				};
			};
			buildConfigurationList = DA88533F1CBCBA7800563D72 /* Build configuration list for PBXProject "Demo" */;
			compatibilityVersion = "Xcode 3.2";
			developmentRegion = English;
			hasScannedForEncodings = 0;
			knownRegions = (
				en,
				Base,
			);
			mainGroup = DA88533B1CBCBA7800563D72;
			productRefGroup = DA8853451CBCBA7800563D72 /* Products */;
			projectDirPath = "";
			projectRoot = "";
			targets = (
				DA8853431CBCBA7800563D72 /* Demo */,
			);
		};
/* End PBXProject section */

/* Begin PBXResourcesBuildPhase section */
		DA8853421CBCBA7800563D72 /* Resources */ = {
			isa = PBXResourcesBuildPhase;
			buildActionMask = 2147483647;
			files = (
				DA8853571CBCBA7800563D72 /* LaunchScreen.storyboard in Resources */,
				DA8853541CBCBA7800563D72 /* Assets.xcassets in Resources */,
				DA88536A1CBCBCCA00563D72 /* bg.jpg in Resources */,
				DA8853521CBCBA7800563D72 /* Main.storyboard in Resources */,
				DA88536B1CBCBCCA00563D72 /* headerImage.png in Resources */,
			);
			runOnlyForDeploymentPostprocessing = 0;
		};
/* End PBXResourcesBuildPhase section */

/* Begin PBXSourcesBuildPhase section */
		DA8853401CBCBA7800563D72 /* Sources */ = {
			isa = PBXSourcesBuildPhase;
			buildActionMask = 2147483647;
			files = (
				DA8CBAB51CBE126D00385B38 /* UINavigationBar+ZZHelper.m in Sources */,
				DA8853601CBCBAB700563D72 /* SecondViewController.m in Sources */,
				DA8853631CBCBABE00563D72 /* ThirdViewController.m in Sources */,
				DA88534F1CBCBA7800563D72 /* FirstViewController.m in Sources */,
				DA8CBA7E1CBDD8B600385B38 /* HFStretchableTableHeaderView.m in Sources */,
				DA88534C1CBCBA7800563D72 /* AppDelegate.m in Sources */,
				DA8CBA7A1CBDD56600385B38 /* FourthViewController.m in Sources */,
				DA8CBA821CBDE22E00385B38 /* UITableView+ZZStretchableHeader.m in Sources */,
				DA8853491CBCBA7800563D72 /* main.m in Sources */,
			);
			runOnlyForDeploymentPostprocessing = 0;
		};
/* End PBXSourcesBuildPhase section */

/* Begin PBXVariantGroup section */
		DA8853501CBCBA7800563D72 /* Main.storyboard */ = {
			isa = PBXVariantGroup;
			children = (
				DA8853511CBCBA7800563D72 /* Base */,
			);
			name = Main.storyboard;
			sourceTree = "<group>";
		};
		DA8853551CBCBA7800563D72 /* LaunchScreen.storyboard */ = {
			isa = PBXVariantGroup;
			children = (
				DA8853561CBCBA7800563D72 /* Base */,
			);
			name = LaunchScreen.storyboard;
			sourceTree = "<group>";
		};
/* End PBXVariantGroup section */

/* Begin XCBuildConfiguration section */
		DA8853591CBCBA7800563D72 /* Debug */ = {
			isa = XCBuildConfiguration;
			buildSettings = {
				ALWAYS_SEARCH_USER_PATHS = NO;
				CLANG_ANALYZER_NONNULL = YES;
				CLANG_CXX_LANGUAGE_STANDARD = "gnu++0x";
				CLANG_CXX_LIBRARY = "libc++";
				CLANG_ENABLE_MODULES = YES;
				CLANG_ENABLE_OBJC_ARC = YES;
				CLANG_WARN_BOOL_CONVERSION = YES;
				CLANG_WARN_CONSTANT_CONVERSION = YES;
				CLANG_WARN_DIRECT_OBJC_ISA_USAGE = YES_ERROR;
				CLANG_WARN_EMPTY_BODY = YES;
				CLANG_WARN_ENUM_CONVERSION = YES;
				CLANG_WARN_INT_CONVERSION = YES;
				CLANG_WARN_OBJC_ROOT_CLASS = YES_ERROR;
				CLANG_WARN_UNREACHABLE_CODE = YES;
				CLANG_WARN__DUPLICATE_METHOD_MATCH = YES;
				"CODE_SIGN_IDENTITY[sdk=iphoneos*]" = "iPhone Developer";
				COPY_PHASE_STRIP = NO;
				DEBUG_INFORMATION_FORMAT = dwarf;
				ENABLE_STRICT_OBJC_MSGSEND = YES;
				ENABLE_TESTABILITY = YES;
				GCC_C_LANGUAGE_STANDARD = gnu99;
				GCC_DYNAMIC_NO_PIC = NO;
				GCC_NO_COMMON_BLOCKS = YES;
				GCC_OPTIMIZATION_LEVEL = 0;
				GCC_PREPROCESSOR_DEFINITIONS = (
					"DEBUG=1",
					"$(inherited)",
				);
				GCC_WARN_64_TO_32_BIT_CONVERSION = YES;
				GCC_WARN_ABOUT_RETURN_TYPE = YES_ERROR;
				GCC_WARN_UNDECLARED_SELECTOR = YES;
				GCC_WARN_UNINITIALIZED_AUTOS = YES_AGGRESSIVE;
				GCC_WARN_UNUSED_FUNCTION = YES;
				GCC_WARN_UNUSED_VARIABLE = YES;
				IPHONEOS_DEPLOYMENT_TARGET = 9.3;
				MTL_ENABLE_DEBUG_INFO = YES;
				ONLY_ACTIVE_ARCH = YES;
				SDKROOT = iphoneos;
			};
			name = Debug;
		};
		DA88535A1CBCBA7800563D72 /* Release */ = {
			isa = XCBuildConfiguration;
			buildSettings = {
				ALWAYS_SEARCH_USER_PATHS = NO;
				CLANG_ANALYZER_NONNULL = YES;
				CLANG_CXX_LANGUAGE_STANDARD = "gnu++0x";
				CLANG_CXX_LIBRARY = "libc++";
				CLANG_ENABLE_MODULES = YES;
				CLANG_ENABLE_OBJC_ARC = YES;
				CLANG_WARN_BOOL_CONVERSION = YES;
				CLANG_WARN_CONSTANT_CONVERSION = YES;
				CLANG_WARN_DIRECT_OBJC_ISA_USAGE = YES_ERROR;
				CLANG_WARN_EMPTY_BODY = YES;
				CLANG_WARN_ENUM_CONVERSION = YES;
				CLANG_WARN_INT_CONVERSION = YES;
				CLANG_WARN_OBJC_ROOT_CLASS = YES_ERROR;
				CLANG_WARN_UNREACHABLE_CODE = YES;
				CLANG_WARN__DUPLICATE_METHOD_MATCH = YES;
				"CODE_SIGN_IDENTITY[sdk=iphoneos*]" = "iPhone Developer";
				COPY_PHASE_STRIP = NO;
				DEBUG_INFORMATION_FORMAT = "dwarf-with-dsym";
				ENABLE_NS_ASSERTIONS = NO;
				ENABLE_STRICT_OBJC_MSGSEND = YES;
				GCC_C_LANGUAGE_STANDARD = gnu99;
				GCC_NO_COMMON_BLOCKS = YES;
				GCC_WARN_64_TO_32_BIT_CONVERSION = YES;
				GCC_WARN_ABOUT_RETURN_TYPE = YES_ERROR;
				GCC_WARN_UNDECLARED_SELECTOR = YES;
				GCC_WARN_UNINITIALIZED_AUTOS = YES_AGGRESSIVE;
				GCC_WARN_UNUSED_FUNCTION = YES;
				GCC_WARN_UNUSED_VARIABLE = YES;
				IPHONEOS_DEPLOYMENT_TARGET = 9.3;
				MTL_ENABLE_DEBUG_INFO = NO;
				SDKROOT = iphoneos;
				VALIDATE_PRODUCT = YES;
			};
			name = Release;
		};
		DA88535C1CBCBA7800563D72 /* Debug */ = {
			isa = XCBuildConfiguration;
			buildSettings = {
				ASSETCATALOG_COMPILER_APPICON_NAME = AppIcon;
				CODE_SIGN_IDENTITY = "iPhone Developer";
				"CODE_SIGN_IDENTITY[sdk=iphoneos*]" = "iPhone Developer";
				INFOPLIST_FILE = Demo/Info.plist;
				LD_RUNPATH_SEARCH_PATHS = "$(inherited) @executable_path/Frameworks";
				PRODUCT_BUNDLE_IDENTIFIER = com.weizhen.Demo;
				PRODUCT_NAME = "$(TARGET_NAME)";
				PROVISIONING_PROFILE = "";
			};
			name = Debug;
		};
		DA88535D1CBCBA7800563D72 /* Release */ = {
			isa = XCBuildConfiguration;
			buildSettings = {
				ASSETCATALOG_COMPILER_APPICON_NAME = AppIcon;
				CODE_SIGN_IDENTITY = "iPhone Developer";
				"CODE_SIGN_IDENTITY[sdk=iphoneos*]" = "iPhone Developer";
				INFOPLIST_FILE = Demo/Info.plist;
				LD_RUNPATH_SEARCH_PATHS = "$(inherited) @executable_path/Frameworks";
				PRODUCT_BUNDLE_IDENTIFIER = com.weizhen.Demo;
				PRODUCT_NAME = "$(TARGET_NAME)";
				PROVISIONING_PROFILE = "";
			};
			name = Release;
		};
/* End XCBuildConfiguration section */

/* Begin XCConfigurationList section */
		DA88533F1CBCBA7800563D72 /* Build configuration list for PBXProject "Demo" */ = {
			isa = XCConfigurationList;
			buildConfigurations = (
				DA8853591CBCBA7800563D72 /* Debug */,
				DA88535A1CBCBA7800563D72 /* Release */,
			);
			defaultConfigurationIsVisible = 0;
			defaultConfigurationName = Release;
		};
		DA88535B1CBCBA7800563D72 /* Build configuration list for PBXNativeTarget "Demo" */ = {
			isa = XCConfigurationList;
			buildConfigurations = (
				DA88535C1CBCBA7800563D72 /* Debug */,
				DA88535D1CBCBA7800563D72 /* Release */,
			);
			defaultConfigurationIsVisible = 0;
			defaultConfigurationName = Release;
		};
/* End XCConfigurationList section */
	};
	rootObject = DA88533C1CBCBA7800563D72 /* Project object */;
}
